
Microsoft Visual Studio Solution File, Format Version 12.00
Project("{FAE04EC0-301F-11D3-BF4B-00C04F79EFBC}") = "Length", "Length\Length.csproj", "{05C75726-228C-45A6-A4B4-7188D49526AE}"
EndProject
Project("{FAE04EC0-301F-11D3-BF4B-00C04F79EFBC}") = "CompareTo", "CompareTo\CompareTo.csproj", "{F1E0FC86-5A6A-400D-8AD2-4F5C0957BB39}"
EndProject
Project("{FAE04EC0-301F-11D3-BF4B-00C04F79EFBC}") = "Copy", "Copy\Copy.csproj", "{124808E1-80FE-4289-BE6E-B50264477EB0}"
EndProject
Project("{FAE04EC0-301F-11D3-BF4B-00C04F79EFBC}") = "Split", "Split\Split.csproj", "{C26BA36B-EC25-4EB8-9B7B-6C07F49C7905}"
EndProject
Project("{FAE04EC0-301F-11D3-BF4B-00C04F79EFBC}") = "ToLower-ToUpper", "ToLower-ToUpper\ToLower-ToUpper.csproj", "{06607BC8-42E2-4D99-88E6-B78AADE5E867}"
EndProject
Project("{FAE04EC0-301F-11D3-BF4B-00C04F79EFBC}") = "Contains", "Contains\Contains.csproj", "{305159EA-36A1-4020-9CD7-58439D3FC4BC}"
EndProject
Project("{FAE04EC0-301F-11D3-BF4B-00C04F79EFBC}") = "Last-IndexOf", "Last-IndexOf\Last-IndexOf.csproj", "{56AB5ADC-A6E6-47E2-8682-A153B0C9981C}"
EndProject
Project("{FAE04EC0-301F-11D3-BF4B-00C04F79EFBC}") = "Insert", "Insert\Insert.csproj", "{478D116C-6A38-42C7-9609-CEB13BE71DE5}"
EndProject
Project("{FAE04EC0-301F-11D3-BF4B-00C04F79EFBC}") = "Remove", "Remove\Remove.csproj", "{4AEB263F-8FFF-4995-9A2F-EE5AEC09484E}"
EndProject
Project("{FAE04EC0-301F-11D3-BF4B-00C04F79EFBC}") = "PadRight-PadLeft", "PadRight-PadLeft\PadRight-PadLeft.csproj", "{3135B821-BD28-49EA-AC3C-9B40359CECD4}"
EndProject
Project("{FAE04EC0-301F-11D3-BF4B-00C04F79EFBC}") = "Replace", "Replace\Replace.csproj", "{6CFCF46E-2B2B-4528-BBD1-1C3C96C7B68C}"
EndProject
Project("{FAE04EC0-301F-11D3-BF4B-00C04F79EFBC}") = "Substring", "Substring\Substring.csproj", "{74F15352-8F6A-4A45-BAF2-8A52DC184B84}"
EndProject
Project("{FAE04EC0-301F-11D3-BF4B-00C04F79EFBC}") = "StartsWith-EndsWith", "StartsWith-EndsWith\StartsWith-EndsWith.csproj", "{5FA07FA1-01EF-429B-9638-64EF9CD5F28B}"
EndProject
Project("{FAE04EC0-301F-11D3-BF4B-00C04F79EFBC}") = "Trim-Start-End", "Trim-Start-End\Trim-Start-End.csproj", "{0404E87D-2E4E-4B2A-BCD0-A50FD3675B93}"
EndProject
Project("{FAE04EC0-301F-11D3-BF4B-00C04F79EFBC}") = "Bankirs", "Bankirs\Bankirs.csproj", "{F12B27C7-94E2-4B9C-A361-8154995D3A40}"
EndProject
Project("{FAE04EC0-301F-11D3-BF4B-00C04F79EFBC}") = "Tram", "Tram\Tram.csproj", "{DB85092A-76D4-429F-A232-6F3E62369E6A}"
EndProject
Project("{FAE04EC0-301F-11D3-BF4B-00C04F79EFBC}") = "Garden", "Garden\Garden.csproj", "{A52B7C76-EDF7-4E69-9752-565E9138DBE3}"
EndProject
Project("{FAE04EC0-301F-11D3-BF4B-00C04F79EFBC}") = "Cats", "Cats\Cats.csproj", "{C4961F8D-2C8C-4A29-9BFD-7FCF780648F0}"
EndProject
Project("{FAE04EC0-301F-11D3-BF4B-00C04F79EFBC}") = "Student-Vasya", "Student-Vasya\Student-Vasya.csproj", "{2F1AD357-AE0C-46A2-A469-B51D5A7A9E84}"
EndProject
Project("{FAE04EC0-301F-11D3-BF4B-00C04F79EFBC}") = "OneAndAHalfChicken", "OneAndAHalfChicken\OneAndAHalfChicken.csproj", "{8109CBC7-82FE-4E61-A483-CEAC7CCB451C}"
EndProject
Project("{FAE04EC0-301F-11D3-BF4B-00C04F79EFBC}") = "Misprints", "Misprints\Misprints.csproj", "{553ECC38-D8E0-42CC-A995-BD81D203F4E6}"
EndProject
Project("{FAE04EC0-301F-11D3-BF4B-00C04F79EFBC}") = "Classics", "Classics\Classics.csproj", "{AABF10D2-7717-4807-AB35-ADBBFDA4DEF0}"
EndProject
Project("{FAE04EC0-301F-11D3-BF4B-00C04F79EFBC}") = "Michael", "Michael\Michael.csproj", "{FEB1F618-DBE4-48DE-8104-7FCFBAD7A109}"
EndProject
Project("{FAE04EC0-301F-11D3-BF4B-00C04F79EFBC}") = "Tickets", "Tickets\Tickets.csproj", "{029A11DA-CD65-421E-AC44-9333BCA22319}"
EndProject
Project("{FAE04EC0-301F-11D3-BF4B-00C04F79EFBC}") = "Kolya-arithmetic", "Kolya-arithmetic\Kolya-arithmetic.csproj", "{1BB19E73-A067-403A-8E29-2BAAE19FC7F3}"
EndProject
Project("{FAE04EC0-301F-11D3-BF4B-00C04F79EFBC}") = "LovelyDigits", "LovelyDigits\LovelyDigits.csproj", "{80533399-3B24-4F25-B201-85AF3ED46544}"
EndProject
Project("{FAE04EC0-301F-11D3-BF4B-00C04F79EFBC}") = "Roulette", "Roulette\Roulette.csproj", "{9E587D1C-8669-42AD-91AA-5ACE1C45F7D6}"
EndProject
Project("{FAE04EC0-301F-11D3-BF4B-00C04F79EFBC}") = "Math", "Math\Math.csproj", "{9BDC0A99-0A7B-4C63-BAD8-E33DCF232341}"
EndProject
Project("{FAE04EC0-301F-11D3-BF4B-00C04F79EFBC}") = "Formula001", "Formula001\Formula001.csproj", "{7CCDDDCF-0C96-43F8-B763-F1F548C11368}"
EndProject
Project("{FAE04EC0-301F-11D3-BF4B-00C04F79EFBC}") = "Formula010", "Formula010\Formula010.csproj", "{763B5B12-0AE8-4561-B7B1-ECCA0FC8D4EA}"
EndProject
Project("{FAE04EC0-301F-11D3-BF4B-00C04F79EFBC}") = "Formula0011", "Formula0011\Formula0011.csproj", "{1DC2FB96-BF5A-4C26-8712-0EAF8D20E644}"
EndProject
Project("{FAE04EC0-301F-11D3-BF4B-00C04F79EFBC}") = "Formula0100", "Formula0100\Formula0100.csproj", "{C2AFCDA2-128B-49DA-8DC1-00F37CAD0A39}"
EndProject
Project("{FAE04EC0-301F-11D3-BF4B-00C04F79EFBC}") = "Formula0101", "Formula0101\Formula0101.csproj", "{C9E0EBFA-A765-4143-B1DC-5DB3C13896A6}"
EndProject
Project("{FAE04EC0-301F-11D3-BF4B-00C04F79EFBC}") = "Formula0110", "Formula0110\Formula0110.csproj", "{D834DF69-6282-44C4-96D5-4411A1E10E7F}"
EndProject
Project("{FAE04EC0-301F-11D3-BF4B-00C04F79EFBC}") = "Formula0111", "Formula0111\Formula0111.csproj", "{64320C86-83CD-470B-A40F-C6CDFC326019}"
EndProject
Project("{FAE04EC0-301F-11D3-BF4B-00C04F79EFBC}") = "Formula1000", "Formula1000\Formula1000.csproj", "{E6D72BAF-09E0-415C-85D7-657A451E3C1F}"
EndProject
Project("{FAE04EC0-301F-11D3-BF4B-00C04F79EFBC}") = "Video-Sharp", "Video-Sharp\Video-Sharp.csproj", "{8DE1FA5F-D5FD-42AB-ADF0-3F013F20F732}"
EndProject
Project("{FAE04EC0-301F-11D3-BF4B-00C04F79EFBC}") = "Visaginas", "Visaginas\Visaginas.csproj", "{44B19B59-51D3-4679-9F9B-90AE95BCEC49}"
EndProject
Project("{FAE04EC0-301F-11D3-BF4B-00C04F79EFBC}") = "CodeOfWord", "CodeOfWord\CodeOfWord.csproj", "{6076CC6E-AD0B-4849-AC65-6603022FC884}"
EndProject
Project("{FAE04EC0-301F-11D3-BF4B-00C04F79EFBC}") = "WordsOfCode", "WordsOfCode\WordsOfCode.csproj", "{E4B27F7B-6E5B-4F91-92F7-7DC69BC09CF2}"
EndProject
Project("{FAE04EC0-301F-11D3-BF4B-00C04F79EFBC}") = "Fifth", "Fifth\Fifth.csproj", "{495FA782-8EB3-4D87-A9AE-5C0C8DE561AE}"
EndProject
Project("{FAE04EC0-301F-11D3-BF4B-00C04F79EFBC}") = "Cube", "Cube\Cube.csproj", "{3570789C-5CFC-4474-8DF2-574985200783}"
EndProject
Project("{FAE04EC0-301F-11D3-BF4B-00C04F79EFBC}") = "Circle", "Circle\Circle.csproj", "{3397DE34-4E90-45AE-AB48-27D7BA3B2418}"
EndProject
Project("{FAE04EC0-301F-11D3-BF4B-00C04F79EFBC}") = "Geometric", "Geometric\Geometric.csproj", "{D4288D11-2939-4AC7-87B5-C75823776F79}"
EndProject
Project("{FAE04EC0-301F-11D3-BF4B-00C04F79EFBC}") = "Rectangle", "Rectangle\Rectangle.csproj", "{8ECB160E-94B0-4EF2-AEA8-1E026F7EC0D9}"
EndProject
Project("{FAE04EC0-301F-11D3-BF4B-00C04F79EFBC}") = "SegmentLength", "SegmentLength\SegmentLength.csproj", "{CAB09B4B-4F50-4081-85E3-FBAD6FD36D1D}"
EndProject
Project("{FAE04EC0-301F-11D3-BF4B-00C04F79EFBC}") = "AreaOfCircle", "AreaOfCircle\AreaOfCircle.csproj", "{D362FA49-D03D-434E-BD75-612265BB53D7}"
EndProject
Project("{FAE04EC0-301F-11D3-BF4B-00C04F79EFBC}") = "SinusOfRadian", "SinusOfRadian\SinusOfRadian.csproj", "{1A1ACF61-5615-445C-B087-FE863A2169AD}"
EndProject
Project("{FAE04EC0-301F-11D3-BF4B-00C04F79EFBC}") = "Vector", "Vector\Vector.csproj", "{7A04D8F1-F7FF-4DC5-91E1-1FCD8477CAAD}"
EndProject
Project("{FAE04EC0-301F-11D3-BF4B-00C04F79EFBC}") = "Arithmetic", "Arithmetic\Arithmetic.csproj", "{5D726706-0145-4BCB-8F17-07F68F1F4DEC}"
EndProject
Project("{FAE04EC0-301F-11D3-BF4B-00C04F79EFBC}") = "Equation", "Equation\Equation.csproj", "{0F9B3D24-7992-4C27-A1B6-3265BFCC2FF4}"
EndProject
Project("{FAE04EC0-301F-11D3-BF4B-00C04F79EFBC}") = "NLessons", "NLessons\NLessons.csproj", "{3CF5CF94-2737-48AD-A2A0-19CF3DFE011A}"
EndProject
Project("{FAE04EC0-301F-11D3-BF4B-00C04F79EFBC}") = "PerimetrOfTriangle", "PerimetrOfTriangle\PerimetrOfTriangle.csproj", "{A6AF9DE3-FB11-42AB-9987-C291AC88CAB0}"
EndProject
Project("{FAE04EC0-301F-11D3-BF4B-00C04F79EFBC}") = "Area", "Area\Area.csproj", "{F82D29A3-DC59-4C61-A4DE-22DD8FED70E6}"
EndProject
Project("{FAE04EC0-301F-11D3-BF4B-00C04F79EFBC}") = "Discriminant", "Discriminant\Discriminant.csproj", "{986386A7-0C98-4C80-94EC-7EEF8EFE9445}"
EndProject
Project("{FAE04EC0-301F-11D3-BF4B-00C04F79EFBC}") = "SecondFraction", "SecondFraction\SecondFraction.csproj", "{436412A1-7108-4F6D-AA3D-1A228402912E}"
EndProject
Project("{FAE04EC0-301F-11D3-BF4B-00C04F79EFBC}") = "Arithmetic2", "Arithmetic2\Arithmetic2.csproj", "{84ECF082-90D0-4E62-B0DB-09AC9A720F9B}"
EndProject
Project("{FAE04EC0-301F-11D3-BF4B-00C04F79EFBC}") = "Equation2", "Equation2\Equation2.csproj", "{8E336F4B-88D6-441B-B742-6A0D0320DD44}"
EndProject
Project("{FAE04EC0-301F-11D3-BF4B-00C04F79EFBC}") = "ChickenAndEggs", "ChickenAndEggs\ChickenAndEggs.csproj", "{78FEEBCB-A4E3-4086-A779-EBFB75A09E1A}"
EndProject
Project("{FAE04EC0-301F-11D3-BF4B-00C04F79EFBC}") = "ClockHands", "ClockHands\ClockHands.csproj", "{D3B93E83-A6ED-46EB-AEBF-E4702B5EA0F4}"
EndProject
Project("{FAE04EC0-301F-11D3-BF4B-00C04F79EFBC}") = "ReverseNumber", "ReverseNumber\ReverseNumber.csproj", "{63506FA9-AC4D-4343-8EC7-6F739C985431}"
EndProject
Project("{FAE04EC0-301F-11D3-BF4B-00C04F79EFBC}") = "Zero-Zero", "Zero-Zero\Zero-Zero.csproj", "{1CFD4820-26D8-4AD3-A760-B3567D8DC225}"
EndProject
Project("{FAE04EC0-301F-11D3-BF4B-00C04F79EFBC}") = "Core", "Core\Core.csproj", "{B707D335-FBD1-45AF-B420-1F498D80BBD6}"
EndProject
Project("{FAE04EC0-301F-11D3-BF4B-00C04F79EFBC}") = "ExtremeDigits", "ExtremeDigits\ExtremeDigits.csproj", "{8C28CF02-2B8B-4BAC-990D-327041AD73CF}"
EndProject
Project("{FAE04EC0-301F-11D3-BF4B-00C04F79EFBC}") = "LuckyTicket", "LuckyTicket\LuckyTicket.csproj", "{A1D2776E-F81B-4EDE-B41E-9C0E04F13FE4}"
EndProject
Project("{FAE04EC0-301F-11D3-BF4B-00C04F79EFBC}") = "Adding5ToNumber", "Adding5ToNumber\Adding5ToNumber.csproj", "{A0D03E2B-10ED-4E92-BEA9-F2A6906F5B88}"
EndProject
Project("{FAE04EC0-301F-11D3-BF4B-00C04F79EFBC}") = "Shtirlitz", "Shtirlitz\Shtirlitz.csproj", "{60BBB37E-955F-412A-82BB-E4A1EB66F370}"
EndProject
Project("{FAE04EC0-301F-11D3-BF4B-00C04F79EFBC}") = "Middle", "Middle\Middle.csproj", "{03E1A8A1-B489-4733-AA91-9DD1C7884AAF}"
EndProject
Project("{FAE04EC0-301F-11D3-BF4B-00C04F79EFBC}") = "Zebra", "Zebra\Zebra.csproj", "{FFB0EDA1-2D23-467A-B2AC-CCFE9AE94C71}"
EndProject
Project("{FAE04EC0-301F-11D3-BF4B-00C04F79EFBC}") = "LoveToDigits", "LoveToDigits\LoveToDigits.csproj", "{EB2DC90C-E4A1-4371-9D6A-A44AE0EA0FF2}"
EndProject
Project("{FAE04EC0-301F-11D3-BF4B-00C04F79EFBC}") = "EvenOfNumber", "EvenOfNumber\EvenOfNumber.csproj", "{90DA1AD3-B917-43C7-A4E6-51BC7B056810}"
EndProject
Project("{FAE04EC0-301F-11D3-BF4B-00C04F79EFBC}") = "DateAndTime", "DateAndTime\DateAndTime.csproj", "{63488DD3-AB8C-452E-B483-41DE8AC101B2}"
EndProject
Project("{FAE04EC0-301F-11D3-BF4B-00C04F79EFBC}") = "FirstAndLastDateTime", "FirstAndLastDateTime\FirstAndLastDateTime.csproj", "{946AE02D-C261-4314-B22D-7B1245A2C1F9}"
EndProject
Project("{FAE04EC0-301F-11D3-BF4B-00C04F79EFBC}") = "DayOfTheWeek", "DayOfTheWeek\DayOfTheWeek.csproj", "{3779E00B-2DDA-4E16-9C97-232CA291E3F9}"
EndProject
Project("{FAE04EC0-301F-11D3-BF4B-00C04F79EFBC}") = "DayOfDate", "DayOfDate\DayOfDate.csproj", "{E6063A65-C7F5-4695-ABCC-FA7586745F73}"
EndProject
Project("{FAE04EC0-301F-11D3-BF4B-00C04F79EFBC}") = "HowManyYearsBetweenEdges", "HowManyYearsBetweenEdges\HowManyYearsBetweenEdges.csproj", "{457B1A3B-6847-403A-BE73-D4EBA9BB5FCC}"
EndProject
Project("{FAE04EC0-301F-11D3-BF4B-00C04F79EFBC}") = "HowManyTimePassed", "HowManyTimePassed\HowManyTimePassed.csproj", "{F90DCE64-6487-4319-A7EE-A6BDD694F0F0}"
EndProject
Project("{FAE04EC0-301F-11D3-BF4B-00C04F79EFBC}") = "Stopwatch", "Stopwatch\Stopwatch.csproj", "{82A503C5-7DE5-48C6-A3B7-E8FC2BF40320}"
EndProject
Project("{FAE04EC0-301F-11D3-BF4B-00C04F79EFBC}") = "EndOfMonth", "EndOfMonth\EndOfMonth.csproj", "{4CB877C7-24D4-4E79-B449-87270A12578D}"
EndProject
Project("{FAE04EC0-301F-11D3-BF4B-00C04F79EFBC}") = "WhichEventOlder", "WhichEventOlder\WhichEventOlder.csproj", "{5B93CEF2-263E-4D15-B6A0-581B6F8E252E}"
EndProject
Project("{FAE04EC0-301F-11D3-BF4B-00C04F79EFBC}") = "TwoDatesComparation", "TwoDatesComparation\TwoDatesComparation.csproj", "{F158FF8E-4E52-4E08-9273-6D7675C214B7}"
EndProject
Project("{FAE04EC0-301F-11D3-BF4B-00C04F79EFBC}") = "Deadline", "Deadline\Deadline.csproj", "{94081F95-6688-4282-95B9-75143C8E118D}"
EndProject
Project("{FAE04EC0-301F-11D3-BF4B-00C04F79EFBC}") = "TwoMillionsMinutes", "TwoMillionsMinutes\TwoMillionsMinutes.csproj", "{26F57742-C305-4FDB-9FEF-4361F9BA80AB}"
EndProject
Project("{FAE04EC0-301F-11D3-BF4B-00C04F79EFBC}") = "DateSort", "DateSort\DateSort.csproj", "{58E72E63-2FDC-4E0C-8142-08E46B6EA506}"
EndProject
Project("{FAE04EC0-301F-11D3-BF4B-00C04F79EFBC}") = "DoubleBirthday", "DoubleBirthday\DoubleBirthday.csproj", "{E4E815FF-E68D-4B5E-AA3F-6113C3F81A30}"
EndProject
Project("{FAE04EC0-301F-11D3-BF4B-00C04F79EFBC}") = "DayOfProgrammer", "DayOfProgrammer\DayOfProgrammer.csproj", "{D50BA11D-D4B4-4E00-9816-5E5337D64E66}"
EndProject
Project("{FAE04EC0-301F-11D3-BF4B-00C04F79EFBC}") = "CalendarOf1752year", "CalendarOf1752year\CalendarOf1752year.csproj", "{F12C1C9D-31B2-464C-97B7-4BD8AA9B7531}"
EndProject
Global
	GlobalSection(SolutionConfigurationPlatforms) = preSolution
		Debug|Any CPU = Debug|Any CPU
		Release|Any CPU = Release|Any CPU
	EndGlobalSection
	GlobalSection(ProjectConfigurationPlatforms) = postSolution
		{05C75726-228C-45A6-A4B4-7188D49526AE}.Debug|Any CPU.ActiveCfg = Debug|Any CPU
		{05C75726-228C-45A6-A4B4-7188D49526AE}.Debug|Any CPU.Build.0 = Debug|Any CPU
		{05C75726-228C-45A6-A4B4-7188D49526AE}.Release|Any CPU.ActiveCfg = Release|Any CPU
		{05C75726-228C-45A6-A4B4-7188D49526AE}.Release|Any CPU.Build.0 = Release|Any CPU
		{F1E0FC86-5A6A-400D-8AD2-4F5C0957BB39}.Debug|Any CPU.ActiveCfg = Debug|Any CPU
		{F1E0FC86-5A6A-400D-8AD2-4F5C0957BB39}.Debug|Any CPU.Build.0 = Debug|Any CPU
		{F1E0FC86-5A6A-400D-8AD2-4F5C0957BB39}.Release|Any CPU.ActiveCfg = Release|Any CPU
		{F1E0FC86-5A6A-400D-8AD2-4F5C0957BB39}.Release|Any CPU.Build.0 = Release|Any CPU
		{124808E1-80FE-4289-BE6E-B50264477EB0}.Debug|Any CPU.ActiveCfg = Debug|Any CPU
		{124808E1-80FE-4289-BE6E-B50264477EB0}.Debug|Any CPU.Build.0 = Debug|Any CPU
		{124808E1-80FE-4289-BE6E-B50264477EB0}.Release|Any CPU.ActiveCfg = Release|Any CPU
		{124808E1-80FE-4289-BE6E-B50264477EB0}.Release|Any CPU.Build.0 = Release|Any CPU
		{C26BA36B-EC25-4EB8-9B7B-6C07F49C7905}.Debug|Any CPU.ActiveCfg = Debug|Any CPU
		{C26BA36B-EC25-4EB8-9B7B-6C07F49C7905}.Debug|Any CPU.Build.0 = Debug|Any CPU
		{C26BA36B-EC25-4EB8-9B7B-6C07F49C7905}.Release|Any CPU.ActiveCfg = Release|Any CPU
		{C26BA36B-EC25-4EB8-9B7B-6C07F49C7905}.Release|Any CPU.Build.0 = Release|Any CPU
		{06607BC8-42E2-4D99-88E6-B78AADE5E867}.Debug|Any CPU.ActiveCfg = Debug|Any CPU
		{06607BC8-42E2-4D99-88E6-B78AADE5E867}.Debug|Any CPU.Build.0 = Debug|Any CPU
		{06607BC8-42E2-4D99-88E6-B78AADE5E867}.Release|Any CPU.ActiveCfg = Release|Any CPU
		{06607BC8-42E2-4D99-88E6-B78AADE5E867}.Release|Any CPU.Build.0 = Release|Any CPU
		{305159EA-36A1-4020-9CD7-58439D3FC4BC}.Debug|Any CPU.ActiveCfg = Debug|Any CPU
		{305159EA-36A1-4020-9CD7-58439D3FC4BC}.Debug|Any CPU.Build.0 = Debug|Any CPU
		{305159EA-36A1-4020-9CD7-58439D3FC4BC}.Release|Any CPU.ActiveCfg = Release|Any CPU
		{305159EA-36A1-4020-9CD7-58439D3FC4BC}.Release|Any CPU.Build.0 = Release|Any CPU
		{56AB5ADC-A6E6-47E2-8682-A153B0C9981C}.Debug|Any CPU.ActiveCfg = Debug|Any CPU
		{56AB5ADC-A6E6-47E2-8682-A153B0C9981C}.Debug|Any CPU.Build.0 = Debug|Any CPU
		{56AB5ADC-A6E6-47E2-8682-A153B0C9981C}.Release|Any CPU.ActiveCfg = Release|Any CPU
		{56AB5ADC-A6E6-47E2-8682-A153B0C9981C}.Release|Any CPU.Build.0 = Release|Any CPU
		{478D116C-6A38-42C7-9609-CEB13BE71DE5}.Debug|Any CPU.ActiveCfg = Debug|Any CPU
		{478D116C-6A38-42C7-9609-CEB13BE71DE5}.Debug|Any CPU.Build.0 = Debug|Any CPU
		{478D116C-6A38-42C7-9609-CEB13BE71DE5}.Release|Any CPU.ActiveCfg = Release|Any CPU
		{478D116C-6A38-42C7-9609-CEB13BE71DE5}.Release|Any CPU.Build.0 = Release|Any CPU
		{4AEB263F-8FFF-4995-9A2F-EE5AEC09484E}.Debug|Any CPU.ActiveCfg = Debug|Any CPU
		{4AEB263F-8FFF-4995-9A2F-EE5AEC09484E}.Debug|Any CPU.Build.0 = Debug|Any CPU
		{4AEB263F-8FFF-4995-9A2F-EE5AEC09484E}.Release|Any CPU.ActiveCfg = Release|Any CPU
		{4AEB263F-8FFF-4995-9A2F-EE5AEC09484E}.Release|Any CPU.Build.0 = Release|Any CPU
		{3135B821-BD28-49EA-AC3C-9B40359CECD4}.Debug|Any CPU.ActiveCfg = Debug|Any CPU
		{3135B821-BD28-49EA-AC3C-9B40359CECD4}.Debug|Any CPU.Build.0 = Debug|Any CPU
		{3135B821-BD28-49EA-AC3C-9B40359CECD4}.Release|Any CPU.ActiveCfg = Release|Any CPU
		{3135B821-BD28-49EA-AC3C-9B40359CECD4}.Release|Any CPU.Build.0 = Release|Any CPU
		{6CFCF46E-2B2B-4528-BBD1-1C3C96C7B68C}.Debug|Any CPU.ActiveCfg = Debug|Any CPU
		{6CFCF46E-2B2B-4528-BBD1-1C3C96C7B68C}.Debug|Any CPU.Build.0 = Debug|Any CPU
		{6CFCF46E-2B2B-4528-BBD1-1C3C96C7B68C}.Release|Any CPU.ActiveCfg = Release|Any CPU
		{6CFCF46E-2B2B-4528-BBD1-1C3C96C7B68C}.Release|Any CPU.Build.0 = Release|Any CPU
		{74F15352-8F6A-4A45-BAF2-8A52DC184B84}.Debug|Any CPU.ActiveCfg = Debug|Any CPU
		{74F15352-8F6A-4A45-BAF2-8A52DC184B84}.Debug|Any CPU.Build.0 = Debug|Any CPU
		{74F15352-8F6A-4A45-BAF2-8A52DC184B84}.Release|Any CPU.ActiveCfg = Release|Any CPU
		{74F15352-8F6A-4A45-BAF2-8A52DC184B84}.Release|Any CPU.Build.0 = Release|Any CPU
		{5FA07FA1-01EF-429B-9638-64EF9CD5F28B}.Debug|Any CPU.ActiveCfg = Debug|Any CPU
		{5FA07FA1-01EF-429B-9638-64EF9CD5F28B}.Debug|Any CPU.Build.0 = Debug|Any CPU
		{5FA07FA1-01EF-429B-9638-64EF9CD5F28B}.Release|Any CPU.ActiveCfg = Release|Any CPU
		{5FA07FA1-01EF-429B-9638-64EF9CD5F28B}.Release|Any CPU.Build.0 = Release|Any CPU
		{0404E87D-2E4E-4B2A-BCD0-A50FD3675B93}.Debug|Any CPU.ActiveCfg = Debug|Any CPU
		{0404E87D-2E4E-4B2A-BCD0-A50FD3675B93}.Debug|Any CPU.Build.0 = Debug|Any CPU
		{0404E87D-2E4E-4B2A-BCD0-A50FD3675B93}.Release|Any CPU.ActiveCfg = Release|Any CPU
		{0404E87D-2E4E-4B2A-BCD0-A50FD3675B93}.Release|Any CPU.Build.0 = Release|Any CPU
		{F12B27C7-94E2-4B9C-A361-8154995D3A40}.Debug|Any CPU.ActiveCfg = Debug|Any CPU
		{F12B27C7-94E2-4B9C-A361-8154995D3A40}.Debug|Any CPU.Build.0 = Debug|Any CPU
		{F12B27C7-94E2-4B9C-A361-8154995D3A40}.Release|Any CPU.ActiveCfg = Release|Any CPU
		{F12B27C7-94E2-4B9C-A361-8154995D3A40}.Release|Any CPU.Build.0 = Release|Any CPU
		{DB85092A-76D4-429F-A232-6F3E62369E6A}.Debug|Any CPU.ActiveCfg = Debug|Any CPU
		{DB85092A-76D4-429F-A232-6F3E62369E6A}.Debug|Any CPU.Build.0 = Debug|Any CPU
		{DB85092A-76D4-429F-A232-6F3E62369E6A}.Release|Any CPU.ActiveCfg = Release|Any CPU
		{DB85092A-76D4-429F-A232-6F3E62369E6A}.Release|Any CPU.Build.0 = Release|Any CPU
		{A52B7C76-EDF7-4E69-9752-565E9138DBE3}.Debug|Any CPU.ActiveCfg = Debug|Any CPU
		{A52B7C76-EDF7-4E69-9752-565E9138DBE3}.Debug|Any CPU.Build.0 = Debug|Any CPU
		{A52B7C76-EDF7-4E69-9752-565E9138DBE3}.Release|Any CPU.ActiveCfg = Release|Any CPU
		{A52B7C76-EDF7-4E69-9752-565E9138DBE3}.Release|Any CPU.Build.0 = Release|Any CPU
		{C4961F8D-2C8C-4A29-9BFD-7FCF780648F0}.Debug|Any CPU.ActiveCfg = Debug|Any CPU
		{C4961F8D-2C8C-4A29-9BFD-7FCF780648F0}.Debug|Any CPU.Build.0 = Debug|Any CPU
		{C4961F8D-2C8C-4A29-9BFD-7FCF780648F0}.Release|Any CPU.ActiveCfg = Release|Any CPU
		{C4961F8D-2C8C-4A29-9BFD-7FCF780648F0}.Release|Any CPU.Build.0 = Release|Any CPU
		{2F1AD357-AE0C-46A2-A469-B51D5A7A9E84}.Debug|Any CPU.ActiveCfg = Debug|Any CPU
		{2F1AD357-AE0C-46A2-A469-B51D5A7A9E84}.Debug|Any CPU.Build.0 = Debug|Any CPU
		{2F1AD357-AE0C-46A2-A469-B51D5A7A9E84}.Release|Any CPU.ActiveCfg = Release|Any CPU
		{2F1AD357-AE0C-46A2-A469-B51D5A7A9E84}.Release|Any CPU.Build.0 = Release|Any CPU
		{8109CBC7-82FE-4E61-A483-CEAC7CCB451C}.Debug|Any CPU.ActiveCfg = Debug|Any CPU
		{8109CBC7-82FE-4E61-A483-CEAC7CCB451C}.Debug|Any CPU.Build.0 = Debug|Any CPU
		{8109CBC7-82FE-4E61-A483-CEAC7CCB451C}.Release|Any CPU.ActiveCfg = Release|Any CPU
		{8109CBC7-82FE-4E61-A483-CEAC7CCB451C}.Release|Any CPU.Build.0 = Release|Any CPU
		{553ECC38-D8E0-42CC-A995-BD81D203F4E6}.Debug|Any CPU.ActiveCfg = Debug|Any CPU
		{553ECC38-D8E0-42CC-A995-BD81D203F4E6}.Debug|Any CPU.Build.0 = Debug|Any CPU
		{553ECC38-D8E0-42CC-A995-BD81D203F4E6}.Release|Any CPU.ActiveCfg = Release|Any CPU
		{553ECC38-D8E0-42CC-A995-BD81D203F4E6}.Release|Any CPU.Build.0 = Release|Any CPU
		{AABF10D2-7717-4807-AB35-ADBBFDA4DEF0}.Debug|Any CPU.ActiveCfg = Debug|Any CPU
		{AABF10D2-7717-4807-AB35-ADBBFDA4DEF0}.Debug|Any CPU.Build.0 = Debug|Any CPU
		{AABF10D2-7717-4807-AB35-ADBBFDA4DEF0}.Release|Any CPU.ActiveCfg = Release|Any CPU
		{AABF10D2-7717-4807-AB35-ADBBFDA4DEF0}.Release|Any CPU.Build.0 = Release|Any CPU
		{FEB1F618-DBE4-48DE-8104-7FCFBAD7A109}.Debug|Any CPU.ActiveCfg = Debug|Any CPU
		{FEB1F618-DBE4-48DE-8104-7FCFBAD7A109}.Debug|Any CPU.Build.0 = Debug|Any CPU
		{FEB1F618-DBE4-48DE-8104-7FCFBAD7A109}.Release|Any CPU.ActiveCfg = Release|Any CPU
		{FEB1F618-DBE4-48DE-8104-7FCFBAD7A109}.Release|Any CPU.Build.0 = Release|Any CPU
		{029A11DA-CD65-421E-AC44-9333BCA22319}.Debug|Any CPU.ActiveCfg = Debug|Any CPU
		{029A11DA-CD65-421E-AC44-9333BCA22319}.Debug|Any CPU.Build.0 = Debug|Any CPU
		{029A11DA-CD65-421E-AC44-9333BCA22319}.Release|Any CPU.ActiveCfg = Release|Any CPU
		{029A11DA-CD65-421E-AC44-9333BCA22319}.Release|Any CPU.Build.0 = Release|Any CPU
		{1BB19E73-A067-403A-8E29-2BAAE19FC7F3}.Debug|Any CPU.ActiveCfg = Debug|Any CPU
		{1BB19E73-A067-403A-8E29-2BAAE19FC7F3}.Debug|Any CPU.Build.0 = Debug|Any CPU
		{1BB19E73-A067-403A-8E29-2BAAE19FC7F3}.Release|Any CPU.ActiveCfg = Release|Any CPU
		{1BB19E73-A067-403A-8E29-2BAAE19FC7F3}.Release|Any CPU.Build.0 = Release|Any CPU
		{80533399-3B24-4F25-B201-85AF3ED46544}.Debug|Any CPU.ActiveCfg = Debug|Any CPU
		{80533399-3B24-4F25-B201-85AF3ED46544}.Debug|Any CPU.Build.0 = Debug|Any CPU
		{80533399-3B24-4F25-B201-85AF3ED46544}.Release|Any CPU.ActiveCfg = Release|Any CPU
		{80533399-3B24-4F25-B201-85AF3ED46544}.Release|Any CPU.Build.0 = Release|Any CPU
		{9E587D1C-8669-42AD-91AA-5ACE1C45F7D6}.Debug|Any CPU.ActiveCfg = Debug|Any CPU
		{9E587D1C-8669-42AD-91AA-5ACE1C45F7D6}.Debug|Any CPU.Build.0 = Debug|Any CPU
		{9E587D1C-8669-42AD-91AA-5ACE1C45F7D6}.Release|Any CPU.ActiveCfg = Release|Any CPU
		{9E587D1C-8669-42AD-91AA-5ACE1C45F7D6}.Release|Any CPU.Build.0 = Release|Any CPU
		{9BDC0A99-0A7B-4C63-BAD8-E33DCF232341}.Debug|Any CPU.ActiveCfg = Debug|Any CPU
		{9BDC0A99-0A7B-4C63-BAD8-E33DCF232341}.Debug|Any CPU.Build.0 = Debug|Any CPU
		{9BDC0A99-0A7B-4C63-BAD8-E33DCF232341}.Release|Any CPU.ActiveCfg = Release|Any CPU
		{9BDC0A99-0A7B-4C63-BAD8-E33DCF232341}.Release|Any CPU.Build.0 = Release|Any CPU
		{7CCDDDCF-0C96-43F8-B763-F1F548C11368}.Debug|Any CPU.ActiveCfg = Debug|Any CPU
		{7CCDDDCF-0C96-43F8-B763-F1F548C11368}.Debug|Any CPU.Build.0 = Debug|Any CPU
		{7CCDDDCF-0C96-43F8-B763-F1F548C11368}.Release|Any CPU.ActiveCfg = Release|Any CPU
		{7CCDDDCF-0C96-43F8-B763-F1F548C11368}.Release|Any CPU.Build.0 = Release|Any CPU
		{763B5B12-0AE8-4561-B7B1-ECCA0FC8D4EA}.Debug|Any CPU.ActiveCfg = Debug|Any CPU
		{763B5B12-0AE8-4561-B7B1-ECCA0FC8D4EA}.Debug|Any CPU.Build.0 = Debug|Any CPU
		{763B5B12-0AE8-4561-B7B1-ECCA0FC8D4EA}.Release|Any CPU.ActiveCfg = Release|Any CPU
		{763B5B12-0AE8-4561-B7B1-ECCA0FC8D4EA}.Release|Any CPU.Build.0 = Release|Any CPU
		{1DC2FB96-BF5A-4C26-8712-0EAF8D20E644}.Debug|Any CPU.ActiveCfg = Debug|Any CPU
		{1DC2FB96-BF5A-4C26-8712-0EAF8D20E644}.Debug|Any CPU.Build.0 = Debug|Any CPU
		{1DC2FB96-BF5A-4C26-8712-0EAF8D20E644}.Release|Any CPU.ActiveCfg = Release|Any CPU
		{1DC2FB96-BF5A-4C26-8712-0EAF8D20E644}.Release|Any CPU.Build.0 = Release|Any CPU
		{C2AFCDA2-128B-49DA-8DC1-00F37CAD0A39}.Debug|Any CPU.ActiveCfg = Debug|Any CPU
		{C2AFCDA2-128B-49DA-8DC1-00F37CAD0A39}.Debug|Any CPU.Build.0 = Debug|Any CPU
		{C2AFCDA2-128B-49DA-8DC1-00F37CAD0A39}.Release|Any CPU.ActiveCfg = Release|Any CPU
		{C2AFCDA2-128B-49DA-8DC1-00F37CAD0A39}.Release|Any CPU.Build.0 = Release|Any CPU
		{C9E0EBFA-A765-4143-B1DC-5DB3C13896A6}.Debug|Any CPU.ActiveCfg = Debug|Any CPU
		{C9E0EBFA-A765-4143-B1DC-5DB3C13896A6}.Debug|Any CPU.Build.0 = Debug|Any CPU
		{C9E0EBFA-A765-4143-B1DC-5DB3C13896A6}.Release|Any CPU.ActiveCfg = Release|Any CPU
		{C9E0EBFA-A765-4143-B1DC-5DB3C13896A6}.Release|Any CPU.Build.0 = Release|Any CPU
		{D834DF69-6282-44C4-96D5-4411A1E10E7F}.Debug|Any CPU.ActiveCfg = Debug|Any CPU
		{D834DF69-6282-44C4-96D5-4411A1E10E7F}.Debug|Any CPU.Build.0 = Debug|Any CPU
		{D834DF69-6282-44C4-96D5-4411A1E10E7F}.Release|Any CPU.ActiveCfg = Release|Any CPU
		{D834DF69-6282-44C4-96D5-4411A1E10E7F}.Release|Any CPU.Build.0 = Release|Any CPU
		{64320C86-83CD-470B-A40F-C6CDFC326019}.Debug|Any CPU.ActiveCfg = Debug|Any CPU
		{64320C86-83CD-470B-A40F-C6CDFC326019}.Debug|Any CPU.Build.0 = Debug|Any CPU
		{64320C86-83CD-470B-A40F-C6CDFC326019}.Release|Any CPU.ActiveCfg = Release|Any CPU
		{64320C86-83CD-470B-A40F-C6CDFC326019}.Release|Any CPU.Build.0 = Release|Any CPU
		{E6D72BAF-09E0-415C-85D7-657A451E3C1F}.Debug|Any CPU.ActiveCfg = Debug|Any CPU
		{E6D72BAF-09E0-415C-85D7-657A451E3C1F}.Debug|Any CPU.Build.0 = Debug|Any CPU
		{E6D72BAF-09E0-415C-85D7-657A451E3C1F}.Release|Any CPU.ActiveCfg = Release|Any CPU
		{E6D72BAF-09E0-415C-85D7-657A451E3C1F}.Release|Any CPU.Build.0 = Release|Any CPU
		{8DE1FA5F-D5FD-42AB-ADF0-3F013F20F732}.Debug|Any CPU.ActiveCfg = Debug|Any CPU
		{8DE1FA5F-D5FD-42AB-ADF0-3F013F20F732}.Debug|Any CPU.Build.0 = Debug|Any CPU
		{8DE1FA5F-D5FD-42AB-ADF0-3F013F20F732}.Release|Any CPU.ActiveCfg = Release|Any CPU
		{8DE1FA5F-D5FD-42AB-ADF0-3F013F20F732}.Release|Any CPU.Build.0 = Release|Any CPU
		{44B19B59-51D3-4679-9F9B-90AE95BCEC49}.Debug|Any CPU.ActiveCfg = Debug|Any CPU
		{44B19B59-51D3-4679-9F9B-90AE95BCEC49}.Debug|Any CPU.Build.0 = Debug|Any CPU
		{44B19B59-51D3-4679-9F9B-90AE95BCEC49}.Release|Any CPU.ActiveCfg = Release|Any CPU
		{44B19B59-51D3-4679-9F9B-90AE95BCEC49}.Release|Any CPU.Build.0 = Release|Any CPU
		{6076CC6E-AD0B-4849-AC65-6603022FC884}.Debug|Any CPU.ActiveCfg = Debug|Any CPU
		{6076CC6E-AD0B-4849-AC65-6603022FC884}.Debug|Any CPU.Build.0 = Debug|Any CPU
		{6076CC6E-AD0B-4849-AC65-6603022FC884}.Release|Any CPU.ActiveCfg = Release|Any CPU
		{6076CC6E-AD0B-4849-AC65-6603022FC884}.Release|Any CPU.Build.0 = Release|Any CPU
		{E4B27F7B-6E5B-4F91-92F7-7DC69BC09CF2}.Debug|Any CPU.ActiveCfg = Debug|Any CPU
		{E4B27F7B-6E5B-4F91-92F7-7DC69BC09CF2}.Debug|Any CPU.Build.0 = Debug|Any CPU
		{E4B27F7B-6E5B-4F91-92F7-7DC69BC09CF2}.Release|Any CPU.ActiveCfg = Release|Any CPU
		{E4B27F7B-6E5B-4F91-92F7-7DC69BC09CF2}.Release|Any CPU.Build.0 = Release|Any CPU
		{495FA782-8EB3-4D87-A9AE-5C0C8DE561AE}.Debug|Any CPU.ActiveCfg = Debug|Any CPU
		{495FA782-8EB3-4D87-A9AE-5C0C8DE561AE}.Debug|Any CPU.Build.0 = Debug|Any CPU
		{495FA782-8EB3-4D87-A9AE-5C0C8DE561AE}.Release|Any CPU.ActiveCfg = Release|Any CPU
		{495FA782-8EB3-4D87-A9AE-5C0C8DE561AE}.Release|Any CPU.Build.0 = Release|Any CPU
		{3570789C-5CFC-4474-8DF2-574985200783}.Debug|Any CPU.ActiveCfg = Debug|Any CPU
		{3570789C-5CFC-4474-8DF2-574985200783}.Debug|Any CPU.Build.0 = Debug|Any CPU
		{3570789C-5CFC-4474-8DF2-574985200783}.Release|Any CPU.ActiveCfg = Release|Any CPU
		{3570789C-5CFC-4474-8DF2-574985200783}.Release|Any CPU.Build.0 = Release|Any CPU
		{3397DE34-4E90-45AE-AB48-27D7BA3B2418}.Debug|Any CPU.ActiveCfg = Debug|Any CPU
		{3397DE34-4E90-45AE-AB48-27D7BA3B2418}.Debug|Any CPU.Build.0 = Debug|Any CPU
		{3397DE34-4E90-45AE-AB48-27D7BA3B2418}.Release|Any CPU.ActiveCfg = Release|Any CPU
		{3397DE34-4E90-45AE-AB48-27D7BA3B2418}.Release|Any CPU.Build.0 = Release|Any CPU
		{D4288D11-2939-4AC7-87B5-C75823776F79}.Debug|Any CPU.ActiveCfg = Debug|Any CPU
		{D4288D11-2939-4AC7-87B5-C75823776F79}.Debug|Any CPU.Build.0 = Debug|Any CPU
		{D4288D11-2939-4AC7-87B5-C75823776F79}.Release|Any CPU.ActiveCfg = Release|Any CPU
		{D4288D11-2939-4AC7-87B5-C75823776F79}.Release|Any CPU.Build.0 = Release|Any CPU
		{8ECB160E-94B0-4EF2-AEA8-1E026F7EC0D9}.Debug|Any CPU.ActiveCfg = Debug|Any CPU
		{8ECB160E-94B0-4EF2-AEA8-1E026F7EC0D9}.Debug|Any CPU.Build.0 = Debug|Any CPU
		{8ECB160E-94B0-4EF2-AEA8-1E026F7EC0D9}.Release|Any CPU.ActiveCfg = Release|Any CPU
		{8ECB160E-94B0-4EF2-AEA8-1E026F7EC0D9}.Release|Any CPU.Build.0 = Release|Any CPU
		{CAB09B4B-4F50-4081-85E3-FBAD6FD36D1D}.Debug|Any CPU.ActiveCfg = Debug|Any CPU
		{CAB09B4B-4F50-4081-85E3-FBAD6FD36D1D}.Debug|Any CPU.Build.0 = Debug|Any CPU
		{CAB09B4B-4F50-4081-85E3-FBAD6FD36D1D}.Release|Any CPU.ActiveCfg = Release|Any CPU
		{CAB09B4B-4F50-4081-85E3-FBAD6FD36D1D}.Release|Any CPU.Build.0 = Release|Any CPU
		{D362FA49-D03D-434E-BD75-612265BB53D7}.Debug|Any CPU.ActiveCfg = Debug|Any CPU
		{D362FA49-D03D-434E-BD75-612265BB53D7}.Debug|Any CPU.Build.0 = Debug|Any CPU
		{D362FA49-D03D-434E-BD75-612265BB53D7}.Release|Any CPU.ActiveCfg = Release|Any CPU
		{D362FA49-D03D-434E-BD75-612265BB53D7}.Release|Any CPU.Build.0 = Release|Any CPU
		{1A1ACF61-5615-445C-B087-FE863A2169AD}.Debug|Any CPU.ActiveCfg = Debug|Any CPU
		{1A1ACF61-5615-445C-B087-FE863A2169AD}.Debug|Any CPU.Build.0 = Debug|Any CPU
		{1A1ACF61-5615-445C-B087-FE863A2169AD}.Release|Any CPU.ActiveCfg = Release|Any CPU
		{1A1ACF61-5615-445C-B087-FE863A2169AD}.Release|Any CPU.Build.0 = Release|Any CPU
		{7A04D8F1-F7FF-4DC5-91E1-1FCD8477CAAD}.Debug|Any CPU.ActiveCfg = Debug|Any CPU
		{7A04D8F1-F7FF-4DC5-91E1-1FCD8477CAAD}.Debug|Any CPU.Build.0 = Debug|Any CPU
		{7A04D8F1-F7FF-4DC5-91E1-1FCD8477CAAD}.Release|Any CPU.ActiveCfg = Release|Any CPU
		{7A04D8F1-F7FF-4DC5-91E1-1FCD8477CAAD}.Release|Any CPU.Build.0 = Release|Any CPU
		{5D726706-0145-4BCB-8F17-07F68F1F4DEC}.Debug|Any CPU.ActiveCfg = Debug|Any CPU
		{5D726706-0145-4BCB-8F17-07F68F1F4DEC}.Debug|Any CPU.Build.0 = Debug|Any CPU
		{5D726706-0145-4BCB-8F17-07F68F1F4DEC}.Release|Any CPU.ActiveCfg = Release|Any CPU
		{5D726706-0145-4BCB-8F17-07F68F1F4DEC}.Release|Any CPU.Build.0 = Release|Any CPU
		{0F9B3D24-7992-4C27-A1B6-3265BFCC2FF4}.Debug|Any CPU.ActiveCfg = Debug|Any CPU
		{0F9B3D24-7992-4C27-A1B6-3265BFCC2FF4}.Debug|Any CPU.Build.0 = Debug|Any CPU
		{0F9B3D24-7992-4C27-A1B6-3265BFCC2FF4}.Release|Any CPU.ActiveCfg = Release|Any CPU
		{0F9B3D24-7992-4C27-A1B6-3265BFCC2FF4}.Release|Any CPU.Build.0 = Release|Any CPU
		{3CF5CF94-2737-48AD-A2A0-19CF3DFE011A}.Debug|Any CPU.ActiveCfg = Debug|Any CPU
		{3CF5CF94-2737-48AD-A2A0-19CF3DFE011A}.Debug|Any CPU.Build.0 = Debug|Any CPU
		{3CF5CF94-2737-48AD-A2A0-19CF3DFE011A}.Release|Any CPU.ActiveCfg = Release|Any CPU
		{3CF5CF94-2737-48AD-A2A0-19CF3DFE011A}.Release|Any CPU.Build.0 = Release|Any CPU
		{A6AF9DE3-FB11-42AB-9987-C291AC88CAB0}.Debug|Any CPU.ActiveCfg = Debug|Any CPU
		{A6AF9DE3-FB11-42AB-9987-C291AC88CAB0}.Debug|Any CPU.Build.0 = Debug|Any CPU
		{A6AF9DE3-FB11-42AB-9987-C291AC88CAB0}.Release|Any CPU.ActiveCfg = Release|Any CPU
		{A6AF9DE3-FB11-42AB-9987-C291AC88CAB0}.Release|Any CPU.Build.0 = Release|Any CPU
		{F82D29A3-DC59-4C61-A4DE-22DD8FED70E6}.Debug|Any CPU.ActiveCfg = Debug|Any CPU
		{F82D29A3-DC59-4C61-A4DE-22DD8FED70E6}.Debug|Any CPU.Build.0 = Debug|Any CPU
		{F82D29A3-DC59-4C61-A4DE-22DD8FED70E6}.Release|Any CPU.ActiveCfg = Release|Any CPU
		{F82D29A3-DC59-4C61-A4DE-22DD8FED70E6}.Release|Any CPU.Build.0 = Release|Any CPU
		{986386A7-0C98-4C80-94EC-7EEF8EFE9445}.Debug|Any CPU.ActiveCfg = Debug|Any CPU
		{986386A7-0C98-4C80-94EC-7EEF8EFE9445}.Debug|Any CPU.Build.0 = Debug|Any CPU
		{986386A7-0C98-4C80-94EC-7EEF8EFE9445}.Release|Any CPU.ActiveCfg = Release|Any CPU
		{986386A7-0C98-4C80-94EC-7EEF8EFE9445}.Release|Any CPU.Build.0 = Release|Any CPU
		{436412A1-7108-4F6D-AA3D-1A228402912E}.Debug|Any CPU.ActiveCfg = Debug|Any CPU
		{436412A1-7108-4F6D-AA3D-1A228402912E}.Debug|Any CPU.Build.0 = Debug|Any CPU
		{436412A1-7108-4F6D-AA3D-1A228402912E}.Release|Any CPU.ActiveCfg = Release|Any CPU
		{436412A1-7108-4F6D-AA3D-1A228402912E}.Release|Any CPU.Build.0 = Release|Any CPU
		{84ECF082-90D0-4E62-B0DB-09AC9A720F9B}.Debug|Any CPU.ActiveCfg = Debug|Any CPU
		{84ECF082-90D0-4E62-B0DB-09AC9A720F9B}.Debug|Any CPU.Build.0 = Debug|Any CPU
		{84ECF082-90D0-4E62-B0DB-09AC9A720F9B}.Release|Any CPU.ActiveCfg = Release|Any CPU
		{84ECF082-90D0-4E62-B0DB-09AC9A720F9B}.Release|Any CPU.Build.0 = Release|Any CPU
		{8E336F4B-88D6-441B-B742-6A0D0320DD44}.Debug|Any CPU.ActiveCfg = Debug|Any CPU
		{8E336F4B-88D6-441B-B742-6A0D0320DD44}.Debug|Any CPU.Build.0 = Debug|Any CPU
		{8E336F4B-88D6-441B-B742-6A0D0320DD44}.Release|Any CPU.ActiveCfg = Release|Any CPU
		{8E336F4B-88D6-441B-B742-6A0D0320DD44}.Release|Any CPU.Build.0 = Release|Any CPU
		{78FEEBCB-A4E3-4086-A779-EBFB75A09E1A}.Debug|Any CPU.ActiveCfg = Debug|Any CPU
		{78FEEBCB-A4E3-4086-A779-EBFB75A09E1A}.Debug|Any CPU.Build.0 = Debug|Any CPU
		{78FEEBCB-A4E3-4086-A779-EBFB75A09E1A}.Release|Any CPU.ActiveCfg = Release|Any CPU
		{78FEEBCB-A4E3-4086-A779-EBFB75A09E1A}.Release|Any CPU.Build.0 = Release|Any CPU
		{D3B93E83-A6ED-46EB-AEBF-E4702B5EA0F4}.Debug|Any CPU.ActiveCfg = Debug|Any CPU
		{D3B93E83-A6ED-46EB-AEBF-E4702B5EA0F4}.Debug|Any CPU.Build.0 = Debug|Any CPU
		{D3B93E83-A6ED-46EB-AEBF-E4702B5EA0F4}.Release|Any CPU.ActiveCfg = Release|Any CPU
		{D3B93E83-A6ED-46EB-AEBF-E4702B5EA0F4}.Release|Any CPU.Build.0 = Release|Any CPU
		{63506FA9-AC4D-4343-8EC7-6F739C985431}.Debug|Any CPU.ActiveCfg = Debug|Any CPU
		{63506FA9-AC4D-4343-8EC7-6F739C985431}.Debug|Any CPU.Build.0 = Debug|Any CPU
		{63506FA9-AC4D-4343-8EC7-6F739C985431}.Release|Any CPU.ActiveCfg = Release|Any CPU
		{63506FA9-AC4D-4343-8EC7-6F739C985431}.Release|Any CPU.Build.0 = Release|Any CPU
		{1CFD4820-26D8-4AD3-A760-B3567D8DC225}.Debug|Any CPU.ActiveCfg = Debug|Any CPU
		{1CFD4820-26D8-4AD3-A760-B3567D8DC225}.Debug|Any CPU.Build.0 = Debug|Any CPU
		{1CFD4820-26D8-4AD3-A760-B3567D8DC225}.Release|Any CPU.ActiveCfg = Release|Any CPU
		{1CFD4820-26D8-4AD3-A760-B3567D8DC225}.Release|Any CPU.Build.0 = Release|Any CPU
		{B707D335-FBD1-45AF-B420-1F498D80BBD6}.Debug|Any CPU.ActiveCfg = Debug|Any CPU
		{B707D335-FBD1-45AF-B420-1F498D80BBD6}.Debug|Any CPU.Build.0 = Debug|Any CPU
		{B707D335-FBD1-45AF-B420-1F498D80BBD6}.Release|Any CPU.ActiveCfg = Release|Any CPU
		{B707D335-FBD1-45AF-B420-1F498D80BBD6}.Release|Any CPU.Build.0 = Release|Any CPU
		{8C28CF02-2B8B-4BAC-990D-327041AD73CF}.Debug|Any CPU.ActiveCfg = Debug|Any CPU
		{8C28CF02-2B8B-4BAC-990D-327041AD73CF}.Debug|Any CPU.Build.0 = Debug|Any CPU
		{8C28CF02-2B8B-4BAC-990D-327041AD73CF}.Release|Any CPU.ActiveCfg = Release|Any CPU
		{8C28CF02-2B8B-4BAC-990D-327041AD73CF}.Release|Any CPU.Build.0 = Release|Any CPU
		{A1D2776E-F81B-4EDE-B41E-9C0E04F13FE4}.Debug|Any CPU.ActiveCfg = Debug|Any CPU
		{A1D2776E-F81B-4EDE-B41E-9C0E04F13FE4}.Debug|Any CPU.Build.0 = Debug|Any CPU
		{A1D2776E-F81B-4EDE-B41E-9C0E04F13FE4}.Release|Any CPU.ActiveCfg = Release|Any CPU
		{A1D2776E-F81B-4EDE-B41E-9C0E04F13FE4}.Release|Any CPU.Build.0 = Release|Any CPU
		{A0D03E2B-10ED-4E92-BEA9-F2A6906F5B88}.Debug|Any CPU.ActiveCfg = Debug|Any CPU
		{A0D03E2B-10ED-4E92-BEA9-F2A6906F5B88}.Debug|Any CPU.Build.0 = Debug|Any CPU
		{A0D03E2B-10ED-4E92-BEA9-F2A6906F5B88}.Release|Any CPU.ActiveCfg = Release|Any CPU
		{A0D03E2B-10ED-4E92-BEA9-F2A6906F5B88}.Release|Any CPU.Build.0 = Release|Any CPU
		{60BBB37E-955F-412A-82BB-E4A1EB66F370}.Debug|Any CPU.ActiveCfg = Debug|Any CPU
		{60BBB37E-955F-412A-82BB-E4A1EB66F370}.Debug|Any CPU.Build.0 = Debug|Any CPU
		{60BBB37E-955F-412A-82BB-E4A1EB66F370}.Release|Any CPU.ActiveCfg = Release|Any CPU
		{60BBB37E-955F-412A-82BB-E4A1EB66F370}.Release|Any CPU.Build.0 = Release|Any CPU
		{03E1A8A1-B489-4733-AA91-9DD1C7884AAF}.Debug|Any CPU.ActiveCfg = Debug|Any CPU
		{03E1A8A1-B489-4733-AA91-9DD1C7884AAF}.Debug|Any CPU.Build.0 = Debug|Any CPU
		{03E1A8A1-B489-4733-AA91-9DD1C7884AAF}.Release|Any CPU.ActiveCfg = Release|Any CPU
		{03E1A8A1-B489-4733-AA91-9DD1C7884AAF}.Release|Any CPU.Build.0 = Release|Any CPU
		{FFB0EDA1-2D23-467A-B2AC-CCFE9AE94C71}.Debug|Any CPU.ActiveCfg = Debug|Any CPU
		{FFB0EDA1-2D23-467A-B2AC-CCFE9AE94C71}.Debug|Any CPU.Build.0 = Debug|Any CPU
		{FFB0EDA1-2D23-467A-B2AC-CCFE9AE94C71}.Release|Any CPU.ActiveCfg = Release|Any CPU
		{FFB0EDA1-2D23-467A-B2AC-CCFE9AE94C71}.Release|Any CPU.Build.0 = Release|Any CPU
		{EB2DC90C-E4A1-4371-9D6A-A44AE0EA0FF2}.Debug|Any CPU.ActiveCfg = Debug|Any CPU
		{EB2DC90C-E4A1-4371-9D6A-A44AE0EA0FF2}.Debug|Any CPU.Build.0 = Debug|Any CPU
		{EB2DC90C-E4A1-4371-9D6A-A44AE0EA0FF2}.Release|Any CPU.ActiveCfg = Release|Any CPU
		{EB2DC90C-E4A1-4371-9D6A-A44AE0EA0FF2}.Release|Any CPU.Build.0 = Release|Any CPU
		{90DA1AD3-B917-43C7-A4E6-51BC7B056810}.Debug|Any CPU.ActiveCfg = Debug|Any CPU
		{90DA1AD3-B917-43C7-A4E6-51BC7B056810}.Debug|Any CPU.Build.0 = Debug|Any CPU
		{90DA1AD3-B917-43C7-A4E6-51BC7B056810}.Release|Any CPU.ActiveCfg = Release|Any CPU
		{90DA1AD3-B917-43C7-A4E6-51BC7B056810}.Release|Any CPU.Build.0 = Release|Any CPU
		{63488DD3-AB8C-452E-B483-41DE8AC101B2}.Debug|Any CPU.ActiveCfg = Debug|Any CPU
		{63488DD3-AB8C-452E-B483-41DE8AC101B2}.Debug|Any CPU.Build.0 = Debug|Any CPU
		{63488DD3-AB8C-452E-B483-41DE8AC101B2}.Release|Any CPU.ActiveCfg = Release|Any CPU
		{63488DD3-AB8C-452E-B483-41DE8AC101B2}.Release|Any CPU.Build.0 = Release|Any CPU
		{946AE02D-C261-4314-B22D-7B1245A2C1F9}.Debug|Any CPU.ActiveCfg = Debug|Any CPU
		{946AE02D-C261-4314-B22D-7B1245A2C1F9}.Debug|Any CPU.Build.0 = Debug|Any CPU
		{946AE02D-C261-4314-B22D-7B1245A2C1F9}.Release|Any CPU.ActiveCfg = Release|Any CPU
		{946AE02D-C261-4314-B22D-7B1245A2C1F9}.Release|Any CPU.Build.0 = Release|Any CPU
		{3779E00B-2DDA-4E16-9C97-232CA291E3F9}.Debug|Any CPU.ActiveCfg = Debug|Any CPU
		{3779E00B-2DDA-4E16-9C97-232CA291E3F9}.Debug|Any CPU.Build.0 = Debug|Any CPU
		{3779E00B-2DDA-4E16-9C97-232CA291E3F9}.Release|Any CPU.ActiveCfg = Release|Any CPU
		{3779E00B-2DDA-4E16-9C97-232CA291E3F9}.Release|Any CPU.Build.0 = Release|Any CPU
		{E6063A65-C7F5-4695-ABCC-FA7586745F73}.Debug|Any CPU.ActiveCfg = Debug|Any CPU
		{E6063A65-C7F5-4695-ABCC-FA7586745F73}.Debug|Any CPU.Build.0 = Debug|Any CPU
		{E6063A65-C7F5-4695-ABCC-FA7586745F73}.Release|Any CPU.ActiveCfg = Release|Any CPU
		{E6063A65-C7F5-4695-ABCC-FA7586745F73}.Release|Any CPU.Build.0 = Release|Any CPU
		{457B1A3B-6847-403A-BE73-D4EBA9BB5FCC}.Debug|Any CPU.ActiveCfg = Debug|Any CPU
		{457B1A3B-6847-403A-BE73-D4EBA9BB5FCC}.Debug|Any CPU.Build.0 = Debug|Any CPU
		{457B1A3B-6847-403A-BE73-D4EBA9BB5FCC}.Release|Any CPU.ActiveCfg = Release|Any CPU
		{457B1A3B-6847-403A-BE73-D4EBA9BB5FCC}.Release|Any CPU.Build.0 = Release|Any CPU
		{F90DCE64-6487-4319-A7EE-A6BDD694F0F0}.Debug|Any CPU.ActiveCfg = Debug|Any CPU
		{F90DCE64-6487-4319-A7EE-A6BDD694F0F0}.Debug|Any CPU.Build.0 = Debug|Any CPU
		{F90DCE64-6487-4319-A7EE-A6BDD694F0F0}.Release|Any CPU.ActiveCfg = Release|Any CPU
		{F90DCE64-6487-4319-A7EE-A6BDD694F0F0}.Release|Any CPU.Build.0 = Release|Any CPU
		{82A503C5-7DE5-48C6-A3B7-E8FC2BF40320}.Debug|Any CPU.ActiveCfg = Debug|Any CPU
		{82A503C5-7DE5-48C6-A3B7-E8FC2BF40320}.Debug|Any CPU.Build.0 = Debug|Any CPU
		{82A503C5-7DE5-48C6-A3B7-E8FC2BF40320}.Release|Any CPU.ActiveCfg = Release|Any CPU
		{82A503C5-7DE5-48C6-A3B7-E8FC2BF40320}.Release|Any CPU.Build.0 = Release|Any CPU
		{4CB877C7-24D4-4E79-B449-87270A12578D}.Debug|Any CPU.ActiveCfg = Debug|Any CPU
		{4CB877C7-24D4-4E79-B449-87270A12578D}.Debug|Any CPU.Build.0 = Debug|Any CPU
		{4CB877C7-24D4-4E79-B449-87270A12578D}.Release|Any CPU.ActiveCfg = Release|Any CPU
		{4CB877C7-24D4-4E79-B449-87270A12578D}.Release|Any CPU.Build.0 = Release|Any CPU
		{5B93CEF2-263E-4D15-B6A0-581B6F8E252E}.Debug|Any CPU.ActiveCfg = Debug|Any CPU
		{5B93CEF2-263E-4D15-B6A0-581B6F8E252E}.Debug|Any CPU.Build.0 = Debug|Any CPU
		{5B93CEF2-263E-4D15-B6A0-581B6F8E252E}.Release|Any CPU.ActiveCfg = Release|Any CPU
		{5B93CEF2-263E-4D15-B6A0-581B6F8E252E}.Release|Any CPU.Build.0 = Release|Any CPU
		{F158FF8E-4E52-4E08-9273-6D7675C214B7}.Debug|Any CPU.ActiveCfg = Debug|Any CPU
		{F158FF8E-4E52-4E08-9273-6D7675C214B7}.Debug|Any CPU.Build.0 = Debug|Any CPU
		{F158FF8E-4E52-4E08-9273-6D7675C214B7}.Release|Any CPU.ActiveCfg = Release|Any CPU
		{F158FF8E-4E52-4E08-9273-6D7675C214B7}.Release|Any CPU.Build.0 = Release|Any CPU
		{94081F95-6688-4282-95B9-75143C8E118D}.Debug|Any CPU.ActiveCfg = Debug|Any CPU
		{94081F95-6688-4282-95B9-75143C8E118D}.Debug|Any CPU.Build.0 = Debug|Any CPU
		{94081F95-6688-4282-95B9-75143C8E118D}.Release|Any CPU.ActiveCfg = Release|Any CPU
		{94081F95-6688-4282-95B9-75143C8E118D}.Release|Any CPU.Build.0 = Release|Any CPU
		{26F57742-C305-4FDB-9FEF-4361F9BA80AB}.Debug|Any CPU.ActiveCfg = Debug|Any CPU
		{26F57742-C305-4FDB-9FEF-4361F9BA80AB}.Debug|Any CPU.Build.0 = Debug|Any CPU
		{26F57742-C305-4FDB-9FEF-4361F9BA80AB}.Release|Any CPU.ActiveCfg = Release|Any CPU
		{26F57742-C305-4FDB-9FEF-4361F9BA80AB}.Release|Any CPU.Build.0 = Release|Any CPU
		{58E72E63-2FDC-4E0C-8142-08E46B6EA506}.Debug|Any CPU.ActiveCfg = Debug|Any CPU
		{58E72E63-2FDC-4E0C-8142-08E46B6EA506}.Debug|Any CPU.Build.0 = Debug|Any CPU
		{58E72E63-2FDC-4E0C-8142-08E46B6EA506}.Release|Any CPU.ActiveCfg = Release|Any CPU
		{58E72E63-2FDC-4E0C-8142-08E46B6EA506}.Release|Any CPU.Build.0 = Release|Any CPU
		{E4E815FF-E68D-4B5E-AA3F-6113C3F81A30}.Debug|Any CPU.ActiveCfg = Debug|Any CPU
		{E4E815FF-E68D-4B5E-AA3F-6113C3F81A30}.Debug|Any CPU.Build.0 = Debug|Any CPU
		{E4E815FF-E68D-4B5E-AA3F-6113C3F81A30}.Release|Any CPU.ActiveCfg = Release|Any CPU
		{E4E815FF-E68D-4B5E-AA3F-6113C3F81A30}.Release|Any CPU.Build.0 = Release|Any CPU
		{D50BA11D-D4B4-4E00-9816-5E5337D64E66}.Debug|Any CPU.ActiveCfg = Debug|Any CPU
		{D50BA11D-D4B4-4E00-9816-5E5337D64E66}.Debug|Any CPU.Build.0 = Debug|Any CPU
		{D50BA11D-D4B4-4E00-9816-5E5337D64E66}.Release|Any CPU.ActiveCfg = Release|Any CPU
		{D50BA11D-D4B4-4E00-9816-5E5337D64E66}.Release|Any CPU.Build.0 = Release|Any CPU
		{F12C1C9D-31B2-464C-97B7-4BD8AA9B7531}.Debug|Any CPU.ActiveCfg = Debug|Any CPU
		{F12C1C9D-31B2-464C-97B7-4BD8AA9B7531}.Debug|Any CPU.Build.0 = Debug|Any CPU
		{F12C1C9D-31B2-464C-97B7-4BD8AA9B7531}.Release|Any CPU.ActiveCfg = Release|Any CPU
		{F12C1C9D-31B2-464C-97B7-4BD8AA9B7531}.Release|Any CPU.Build.0 = Release|Any CPU
	EndGlobalSection
EndGlobal
